
Microsoft Visual Studio Solution File, Format Version 12.00
# Visual Studio 14
VisualStudioVersion = 14.0.25420.1
MinimumVisualStudioVersion = 10.0.40219.1
Project("{FAE04EC0-301F-11D3-BF4B-00C04F79EFBC}") = "NFirmwareEditor", "NFirmwareEditor\NFirmwareEditor.csproj", "{8049648F-5281-41A8-A8A5-7177DC0D8646}"
EndProject
Project("{FAE04EC0-301F-11D3-BF4B-00C04F79EFBC}") = "NFirmware", "NFirmware\NFirmware.csproj", "{557A7598-73FA-42E5-BF8F-A2D1C4767953}"
EndProject
Project("{FAE04EC0-301F-11D3-BF4B-00C04F79EFBC}") = "NFirmware.Tests", "NFirmware.Tests\NFirmware.Tests.csproj", "{51773345-23C3-444D-8C95-B51AEF1CE7FE}"
EndProject
Project("{FAE04EC0-301F-11D3-BF4B-00C04F79EFBC}") = "NToolbox", "NToolbox\NToolbox.csproj", "{CCF4DA99-E644-4E9E-A4CC-6F30623FA2AF}"
EndProject
Global
	GlobalSection(SolutionConfigurationPlatforms) = preSolution
		Debug|Any CPU = Debug|Any CPU
		Release|Any CPU = Release|Any CPU
	EndGlobalSection
	GlobalSection(ProjectConfigurationPlatforms) = postSolution
		{8049648F-5281-41A8-A8A5-7177DC0D8646}.Debug|Any CPU.ActiveCfg = Debug|Any CPU
		{8049648F-5281-41A8-A8A5-7177DC0D8646}.Debug|Any CPU.Build.0 = Debug|Any CPU
		{8049648F-5281-41A8-A8A5-7177DC0D8646}.Release|Any CPU.ActiveCfg = Release|Any CPU
		{8049648F-5281-41A8-A8A5-7177DC0D8646}.Release|Any CPU.Build.0 = Release|Any CPU
		{557A7598-73FA-42E5-BF8F-A2D1C4767953}.Debug|Any CPU.ActiveCfg = Debug|Any CPU
		{557A7598-73FA-42E5-BF8F-A2D1C4767953}.Debug|Any CPU.Build.0 = Debug|Any CPU
		{557A7598-73FA-42E5-BF8F-A2D1C4767953}.Release|Any CPU.ActiveCfg = Release|Any CPU
		{557A7598-73FA-42E5-BF8F-A2D1C4767953}.Release|Any CPU.Build.0 = Release|Any CPU
		{51773345-23C3-444D-8C95-B51AEF1CE7FE}.Debug|Any CPU.ActiveCfg = Debug|Any CPU
		{51773345-23C3-444D-8C95-B51AEF1CE7FE}.Debug|Any CPU.Build.0 = Debug|Any CPU
		{51773345-23C3-444D-8C95-B51AEF1CE7FE}.Release|Any CPU.ActiveCfg = Release|Any CPU
		{51773345-23C3-444D-8C95-B51AEF1CE7FE}.Release|Any CPU.Build.0 = Release|Any CPU
		{CCF4DA99-E644-4E9E-A4CC-6F30623FA2AF}.Debug|Any CPU.ActiveCfg = Debug|Any CPU
		{CCF4DA99-E644-4E9E-A4CC-6F30623FA2AF}.Debug|Any CPU.Build.0 = Debug|Any CPU
		{CCF4DA99-E644-4E9E-A4CC-6F30623FA2AF}.Release|Any CPU.ActiveCfg = Release|Any CPU
		{CCF4DA99-E644-4E9E-A4CC-6F30623FA2AF}.Release|Any CPU.Build.0 = Release|Any CPU
	EndGlobalSection
	GlobalSection(SolutionProperties) = preSolution
		HideSolutionNode = FALSE
	EndGlobalSection
EndGlobal
